
Microsoft Visual Studio Solution File, Format Version 12.00
# Visual Studio Version 16
VisualStudioVersion = 16.0.31112.23
MinimumVisualStudioVersion = 10.0.40219.1
Project("{9A19103F-16F7-4668-BE54-9A1E7A4F7556}") = "BasicHttpServer.Demo", "SUHttpServer\BasicHttpServer.Demo.csproj", "{F2937C91-D5B5-446D-9D02-3B91564FD75B}"
EndProject
Project("{FAE04EC0-301F-11D3-BF4B-00C04F79EFBC}") = "BasicHttpServer.Server", "SUHttpServer.HttpServer\BasicHttpServer.Server.csproj", "{7BC886F9-7E06-4CA0-ADD5-C33D74E31518}"
EndProject
Global
	GlobalSection(SolutionConfigurationPlatforms) = preSolution
		Debug|Any CPU = Debug|Any CPU
		Release|Any CPU = Release|Any CPU
	EndGlobalSection
	GlobalSection(ProjectConfigurationPlatforms) = postSolution
		{F2937C91-D5B5-446D-9D02-3B91564FD75B}.Debug|Any CPU.ActiveCfg = Debug|Any CPU
		{F2937C91-D5B5-446D-9D02-3B91564FD75B}.Debug|Any CPU.Build.0 = Debug|Any CPU
		{F2937C91-D5B5-446D-9D02-3B91564FD75B}.Release|Any CPU.ActiveCfg = Release|Any CPU
		{F2937C91-D5B5-446D-9D02-3B91564FD75B}.Release|Any CPU.Build.0 = Release|Any CPU
		{7BC886F9-7E06-4CA0-ADD5-C33D74E31518}.Debug|Any CPU.ActiveCfg = Debug|Any CPU
		{7BC886F9-7E06-4CA0-ADD5-C33D74E31518}.Debug|Any CPU.Build.0 = Debug|Any CPU
		{7BC886F9-7E06-4CA0-ADD5-C33D74E31518}.Release|Any CPU.ActiveCfg = Release|Any CPU
		{7BC886F9-7E06-4CA0-ADD5-C33D74E31518}.Release|Any CPU.Build.0 = Release|Any CPU
	EndGlobalSection
	GlobalSection(SolutionProperties) = preSolution
		HideSolutionNode = FALSE
	EndGlobalSection
	GlobalSection(ExtensibilityGlobals) = postSolution
		SolutionGuid = {F2CAD0D4-77E0-4DBB-906E-43497E08BE61}
	EndGlobalSection
EndGlobal
